{
	"name": "@grucloud/module-k8s-prometheus",
	"version": "10.0.1",
	"lockfileVersion": 2,
	"requires": true,
	"packages": {
		"": {
			"name": "@grucloud/module-k8s-prometheus",
			"version": "7.2.2",
			"license": "ISC",
			"dependencies": {
				"js-yaml": "^4.1.0",
				"rubico": "*"
			}
		},
		"node_modules/argparse": {
			"version": "2.0.1",
			"resolved": "https://registry.npmjs.org/argparse/-/argparse-2.0.1.tgz",
			"integrity": "sha512-8+9WqebbFzpX9OR+Wa6O29asIogeRMzcGtAINdpMHHyAg10f05aSFVBbcEqGf/PXw1EjAZ+q2/bEBg3DvurK3Q=="
		},
		"node_modules/js-yaml": {
			"version": "4.1.0",
			"resolved": "https://registry.npmjs.org/js-yaml/-/js-yaml-4.1.0.tgz",
			"integrity": "sha512-wpxZs9NoxZaJESJGIZTyDEaYpl0FKSA+FB9aJiyemKhMwkxQg63h4T1KJgUGHpTqPDNRcmmYLugrRjJlBtWvRA==",
			"dependencies": {
				"argparse": "^2.0.1"
			},
			"bin": {
				"js-yaml": "bin/js-yaml.js"
			}
		},
		"node_modules/rubico": {
			"version": "1.8.9",
			"resolved": "https://registry.npmjs.org/rubico/-/rubico-1.8.9.tgz",
			"integrity": "sha512-FgID14Q2eEEISII5FxTOBUJI/N4iKrDTcsQfG8uMC6dyu8z0EBi4cEA6A+1U2UEAksCMzka+rdvZAi6k3T3A+g=="
		}
	},
	"dependencies": {
		"argparse": {
			"version": "2.0.1",
			"resolved": "https://registry.npmjs.org/argparse/-/argparse-2.0.1.tgz",
			"integrity": "sha512-8+9WqebbFzpX9OR+Wa6O29asIogeRMzcGtAINdpMHHyAg10f05aSFVBbcEqGf/PXw1EjAZ+q2/bEBg3DvurK3Q=="
		},
		"js-yaml": {
			"version": "4.1.0",
			"resolved": "https://registry.npmjs.org/js-yaml/-/js-yaml-4.1.0.tgz",
			"integrity": "sha512-wpxZs9NoxZaJESJGIZTyDEaYpl0FKSA+FB9aJiyemKhMwkxQg63h4T1KJgUGHpTqPDNRcmmYLugrRjJlBtWvRA==",
			"requires": {
				"argparse": "^2.0.1"
			}
		},
		"rubico": {
			"version": "1.8.9",
			"resolved": "https://registry.npmjs.org/rubico/-/rubico-1.8.9.tgz",
			"integrity": "sha512-FgID14Q2eEEISII5FxTOBUJI/N4iKrDTcsQfG8uMC6dyu8z0EBi4cEA6A+1U2UEAksCMzka+rdvZAi6k3T3A+g=="
		}
	}
}
