{
  "name": "lambda-nodejs-helloworld",
  "version": "1.31.0",
  "lockfileVersion": 1,
  "requires": true,
  "dependencies": {
    "adm-zip": {
      "version": "0.5.5",
      "resolved": "https://registry.npmjs.org/adm-zip/-/adm-zip-0.5.5.tgz",
      "integrity": "sha512-IWwXKnCbirdbyXSfUDvCCrmYrOHANRZcc8NcRrvTlIApdl7PwE9oGcsYvNeJPAVY1M+70b4PxXGKIf8AEuiQ6w=="
    },
    "rubico": {
      "version": "1.6.26",
      "resolved": "https://registry.npmjs.org/rubico/-/rubico-1.6.26.tgz",
      "integrity": "sha512-+HYXsApSI5L7MZAyY1tlDlh9FSVAQSxDSfgs2YETYxCH7GQfpZjxJzfEECS1vtL0zih/h+U1TyvdUDy3MQrJ0A=="
    }
  }
}
