{
  "name": "lambda-nodejs-helloworld",
  "version": "1.18.1",
  "lockfileVersion": 1,
  "requires": true,
  "dependencies": {
    "rubico": {
      "version": "1.6.26",
      "resolved": "https://registry.npmjs.org/rubico/-/rubico-1.6.26.tgz",
      "integrity": "sha512-+HYXsApSI5L7MZAyY1tlDlh9FSVAQSxDSfgs2YETYxCH7GQfpZjxJzfEECS1vtL0zih/h+U1TyvdUDy3MQrJ0A=="
    }
  }
}
