{
	"name": "@grucloud/example-k8s-starhackit-base",
	"version": "10.1.0",
	"lockfileVersion": 2,
	"requires": true,
	"packages": {
		"": {
			"name": "@grucloud/example-k8s-starhackit-base",
			"version": "7.2.2",
			"license": "ISC",
			"dependencies": {
				"axios": "^0.21.1",
				"rubico": "^1.6.27"
			}
		},
		"node_modules/axios": {
			"version": "0.21.1",
			"resolved": "https://registry.npmjs.org/axios/-/axios-0.21.1.tgz",
			"integrity": "sha512-dKQiRHxGD9PPRIUNIWvZhPTPpl1rf/OxTYKsqKUDjBwYylTvV7SjSHJb9ratfyzM6wCdLCOYLzs73qpg5c4iGA==",
			"dependencies": {
				"follow-redirects": "^1.10.0"
			}
		},
		"node_modules/follow-redirects": {
			"version": "1.13.3",
			"resolved": "https://registry.npmjs.org/follow-redirects/-/follow-redirects-1.13.3.tgz",
			"integrity": "sha512-DUgl6+HDzB0iEptNQEXLx/KhTmDb8tZUHSeLqpnjpknR70H0nC2t9N73BK6fN4hOvJ84pKlIQVQ4k5FFlBedKA==",
			"funding": [
				{
					"type": "individual",
					"url": "https://github.com/sponsors/RubenVerborgh"
				}
			],
			"engines": {
				"node": ">=4.0"
			},
			"peerDependenciesMeta": {
				"debug": {
					"optional": true
				}
			}
		},
		"node_modules/rubico": {
			"version": "1.7.0",
			"resolved": "https://registry.npmjs.org/rubico/-/rubico-1.7.0.tgz",
			"integrity": "sha512-HHA0FXQTT/ifBRv9cVs5gnO0hHSm8b2uC9/VjM3xNT8JBPGW5KtWpJsvcNBZsF7BBX6d7wh6xRtC70ybjzYzbQ=="
		}
	},
	"dependencies": {
		"axios": {
			"version": "0.21.1",
			"resolved": "https://registry.npmjs.org/axios/-/axios-0.21.1.tgz",
			"integrity": "sha512-dKQiRHxGD9PPRIUNIWvZhPTPpl1rf/OxTYKsqKUDjBwYylTvV7SjSHJb9ratfyzM6wCdLCOYLzs73qpg5c4iGA==",
			"requires": {
				"follow-redirects": "^1.10.0"
			}
		},
		"follow-redirects": {
			"version": "1.13.3",
			"resolved": "https://registry.npmjs.org/follow-redirects/-/follow-redirects-1.13.3.tgz",
			"integrity": "sha512-DUgl6+HDzB0iEptNQEXLx/KhTmDb8tZUHSeLqpnjpknR70H0nC2t9N73BK6fN4hOvJ84pKlIQVQ4k5FFlBedKA=="
		},
		"rubico": {
			"version": "1.7.0",
			"resolved": "https://registry.npmjs.org/rubico/-/rubico-1.7.0.tgz",
			"integrity": "sha512-HHA0FXQTT/ifBRv9cVs5gnO0hHSm8b2uC9/VjM3xNT8JBPGW5KtWpJsvcNBZsF7BBX6d7wh6xRtC70ybjzYzbQ=="
		}
	}
}
