{
	"name": "grucloud-test",
	"version": "7.0.4",
	"lockfileVersion": 2,
	"requires": true,
	"packages": {
		"": {
			"name": "grucloud-test",
			"version": "7.0.4",
			"license": "ISC",
			"dependencies": {
				"rubico": "1.8.10"
			}
		},
		"node_modules/rubico": {
			"version": "1.8.10",
			"resolved": "https://registry.npmjs.org/rubico/-/rubico-1.8.10.tgz",
			"integrity": "sha512-Zb8DXRIQyTgq5b5Jhzf1ZQGAo/Atwg/PYJ0IyY9p4vgPieZX+Qn8Jyynh7E4/17Wuw/tPDrh6DMhuN9gDwH30A=="
		}
	},
	"dependencies": {
		"rubico": {
			"version": "1.8.10",
			"resolved": "https://registry.npmjs.org/rubico/-/rubico-1.8.10.tgz",
			"integrity": "sha512-Zb8DXRIQyTgq5b5Jhzf1ZQGAo/Atwg/PYJ0IyY9p4vgPieZX+Qn8Jyynh7E4/17Wuw/tPDrh6DMhuN9gDwH30A=="
		}
	}
}
