{
  "name": "gcp-vm",
  "version": "3.6.2",
  "lockfileVersion": 1,
  "requires": true,
  "dependencies": {
    "rubico": {
      "version": "1.7.0",
      "resolved": "https://registry.npmjs.org/rubico/-/rubico-1.7.0.tgz",
      "integrity": "sha512-HHA0FXQTT/ifBRv9cVs5gnO0hHSm8b2uC9/VjM3xNT8JBPGW5KtWpJsvcNBZsF7BBX6d7wh6xRtC70ybjzYzbQ=="
    }
  }
}
