{
	"name": "@grucloud/example-k8s-aws-load-balancer-controller",
	"version": "10.5.0",
	"lockfileVersion": 2,
	"requires": true,
	"packages": {
		"": {
			"name": "@grucloud/example-k8s-aws-load-balancer-controller",
			"version": "7.2.2",
			"license": "ISC",
			"dependencies": {
				"rubico": "^1.6.21"
			}
		},
		"node_modules/rubico": {
			"version": "1.6.23",
			"resolved": "https://registry.npmjs.org/rubico/-/rubico-1.6.23.tgz",
			"integrity": "sha512-Bt1e+KmZTHn51qZTDocGbDYc+y7/KivbuV8TkLeBe6+iCKzmScYjixOy2YIp/BWEMYLV+sTRb1IZDsmYOI3pOg=="
		}
	},
	"dependencies": {
		"rubico": {
			"version": "1.6.23",
			"resolved": "https://registry.npmjs.org/rubico/-/rubico-1.6.23.tgz",
			"integrity": "sha512-Bt1e+KmZTHn51qZTDocGbDYc+y7/KivbuV8TkLeBe6+iCKzmScYjixOy2YIp/BWEMYLV+sTRb1IZDsmYOI3pOg=="
		}
	}
}
