{
	"name": "@grucloud/aws-module-certificate",
	"version": "1.0.0",
	"lockfileVersion": 1,
	"requires": true,
	"dependencies": {
		"mime-db": {
			"version": "1.46.0",
			"resolved": "https://registry.npmjs.org/mime-db/-/mime-db-1.46.0.tgz",
			"integrity": "sha512-svXaP8UQRZ5K7or+ZmfNhg2xX3yKDMUzqadsSqi4NCH/KomcH75MAMYAGVlvXn4+b/xOPhS3I2uHKRUzvjY7BQ=="
		},
		"mime-types": {
			"version": "2.1.29",
			"resolved": "https://registry.npmjs.org/mime-types/-/mime-types-2.1.29.tgz",
			"integrity": "sha512-Y/jMt/S5sR9OaqteJtslsFZKWOIIqMACsJSiHghlCAyhf7jfVYjKBmLiX8OgpWeW+fjJ2b+Az69aPFPkUOY6xQ==",
			"requires": {
				"mime-db": "1.46.0"
			}
		}
	}
}
